
Microsoft Visual Studio Solution File, Format Version 12.00
# Visual Studio Version 17
VisualStudioVersion = 17.10.35027.167
MinimumVisualStudioVersion = 10.0.40219.1
Project("{FAE04EC0-301F-11D3-BF4B-00C04F79EFBC}") = "W2-E2", "W2-E2\W2-E2.csproj", "{CE73D3FE-FBA3-4F06-AF28-000E1C0A0388}"
EndProject
Global
	GlobalSection(SolutionConfigurationPlatforms) = preSolution
		Debug|Any CPU = Debug|Any CPU
		Release|Any CPU = Release|Any CPU
	EndGlobalSection
	GlobalSection(ProjectConfigurationPlatforms) = postSolution
		{CE73D3FE-FBA3-4F06-AF28-000E1C0A0388}.Debug|Any CPU.ActiveCfg = Debug|Any CPU
		{CE73D3FE-FBA3-4F06-AF28-000E1C0A0388}.Debug|Any CPU.Build.0 = Debug|Any CPU
		{CE73D3FE-FBA3-4F06-AF28-000E1C0A0388}.Release|Any CPU.ActiveCfg = Release|Any CPU
		{CE73D3FE-FBA3-4F06-AF28-000E1C0A0388}.Release|Any CPU.Build.0 = Release|Any CPU
	EndGlobalSection
	GlobalSection(SolutionProperties) = preSolution
		HideSolutionNode = FALSE
	EndGlobalSection
	GlobalSection(ExtensibilityGlobals) = postSolution
		SolutionGuid = {58D834EC-C1B5-4B88-87BD-5B33A0C983AE}
	EndGlobalSection
EndGlobal
